// !$*UTF8*$!
{
	archiveVersion = 1;
	classes = {
	};
	objectVersion = 60;
	objects = {

/* Begin PBXBuildFile section */
		1812FF922B06775A00AD2E2B /* DynamicLayersExampleApp.swift in Sources */ = {isa = PBXBuildFile; fileRef = 1812FF912B06775A00AD2E2B /* DynamicLayersExampleApp.swift */; };
		1812FF942B06775A00AD2E2B /* ContentView.swift in Sources */ = {isa = PBXBuildFile; fileRef = 1812FF932B06775A00AD2E2B /* ContentView.swift */; };
		1812FF962B06775C00AD2E2B /* Assets.xcassets in Resources */ = {isa = PBXBuildFile; fileRef = 1812FF952B06775C00AD2E2B /* Assets.xcassets */; };
		1812FF992B06775C00AD2E2B /* Preview Assets.xcassets in Resources */ = {isa = PBXBuildFile; fileRef = 1812FF982B06775C00AD2E2B /* Preview Assets.xcassets */; };
		1812FFC22B06790100AD2E2B /* ButtonComponent.swift in Sources */ = {isa = PBXBuildFile; fileRef = 1812FFAE2B06790000AD2E2B /* ButtonComponent.swift */; };
		1812FFC82B06790100AD2E2B /* CKTopNavigationComponent.swift in Sources */ = {isa = PBXBuildFile; fileRef = 1812FFB42B06790000AD2E2B /* CKTopNavigationComponent.swift */; };
		1812FFCB2B06790100AD2E2B /* BottomNavigationBarComponent.swift in Sources */ = {isa = PBXBuildFile; fileRef = 1812FFB72B06790100AD2E2B /* BottomNavigationBarComponent.swift */; };
		1812FFCC2B06790100AD2E2B /* CKTextFieldComponent.swift in Sources */ = {isa = PBXBuildFile; fileRef = 1812FFB82B06790100AD2E2B /* CKTextFieldComponent.swift */; };
		1812FFCF2B06790100AD2E2B /* CKNotificationBadgeComponent.swift in Sources */ = {isa = PBXBuildFile; fileRef = 1812FFBB2B06790100AD2E2B /* CKNotificationBadgeComponent.swift */; };
		1812FFD52B06790B00AD2E2B /* Color + Extension.swift in Sources */ = {isa = PBXBuildFile; fileRef = 1812FFD42B06790B00AD2E2B /* Color + Extension.swift */; };
		18C0E8B52B18555F0015ED95 /* PaidComponentView.swift in Sources */ = {isa = PBXBuildFile; fileRef = 18C0E8A72B18555E0015ED95 /* PaidComponentView.swift */; };
		18C0E8BD2B185A2C0015ED95 /* View + Extension.swift in Sources */ = {isa = PBXBuildFile; fileRef = 18C0E8BC2B185A2C0015ED95 /* View + Extension.swift */; };
		18C0E8C02B1862110015ED95 /* DynamicLayers in Frameworks */ = {isa = PBXBuildFile; productRef = 18C0E8BF2B1862110015ED95 /* DynamicLayers */; };
/* End PBXBuildFile section */

/* Begin PBXFileReference section */
		1812FF8E2B06775A00AD2E2B /* DynamicLayersExample.app */ = {isa = PBXFileReference; explicitFileType = wrapper.application; includeInIndex = 0; path = DynamicLayersExample.app; sourceTree = BUILT_PRODUCTS_DIR; };
		1812FF912B06775A00AD2E2B /* DynamicLayersExampleApp.swift */ = {isa = PBXFileReference; lastKnownFileType = sourcecode.swift; path = DynamicLayersExampleApp.swift; sourceTree = "<group>"; };
		1812FF932B06775A00AD2E2B /* ContentView.swift */ = {isa = PBXFileReference; lastKnownFileType = sourcecode.swift; path = ContentView.swift; sourceTree = "<group>"; };
		1812FF952B06775C00AD2E2B /* Assets.xcassets */ = {isa = PBXFileReference; lastKnownFileType = folder.assetcatalog; path = Assets.xcassets; sourceTree = "<group>"; };
		1812FF982B06775C00AD2E2B /* Preview Assets.xcassets */ = {isa = PBXFileReference; lastKnownFileType = folder.assetcatalog; path = "Preview Assets.xcassets"; sourceTree = "<group>"; };
		1812FFAE2B06790000AD2E2B /* ButtonComponent.swift */ = {isa = PBXFileReference; fileEncoding = 4; lastKnownFileType = sourcecode.swift; path = ButtonComponent.swift; sourceTree = "<group>"; };
		1812FFB42B06790000AD2E2B /* CKTopNavigationComponent.swift */ = {isa = PBXFileReference; fileEncoding = 4; lastKnownFileType = sourcecode.swift; path = CKTopNavigationComponent.swift; sourceTree = "<group>"; };
		1812FFB72B06790100AD2E2B /* BottomNavigationBarComponent.swift */ = {isa = PBXFileReference; fileEncoding = 4; lastKnownFileType = sourcecode.swift; path = BottomNavigationBarComponent.swift; sourceTree = "<group>"; };
		1812FFB82B06790100AD2E2B /* CKTextFieldComponent.swift */ = {isa = PBXFileReference; fileEncoding = 4; lastKnownFileType = sourcecode.swift; path = CKTextFieldComponent.swift; sourceTree = "<group>"; };
		1812FFBB2B06790100AD2E2B /* CKNotificationBadgeComponent.swift */ = {isa = PBXFileReference; fileEncoding = 4; lastKnownFileType = sourcecode.swift; path = CKNotificationBadgeComponent.swift; sourceTree = "<group>"; };
		1812FFD42B06790B00AD2E2B /* Color + Extension.swift */ = {isa = PBXFileReference; fileEncoding = 4; lastKnownFileType = sourcecode.swift; path = "Color + Extension.swift"; sourceTree = "<group>"; };
		18C0E8A72B18555E0015ED95 /* PaidComponentView.swift */ = {isa = PBXFileReference; fileEncoding = 4; lastKnownFileType = sourcecode.swift; path = PaidComponentView.swift; sourceTree = "<group>"; };
		18C0E8BC2B185A2C0015ED95 /* View + Extension.swift */ = {isa = PBXFileReference; lastKnownFileType = sourcecode.swift; path = "View + Extension.swift"; sourceTree = "<group>"; };
/* End PBXFileReference section */

/* Begin PBXFrameworksBuildPhase section */
		1812FF8B2B06775A00AD2E2B /* Frameworks */ = {
			isa = PBXFrameworksBuildPhase;
			buildActionMask = 2147483647;
			files = (
				18C0E8C02B1862110015ED95 /* DynamicLayers in Frameworks */,
			);
			runOnlyForDeploymentPostprocessing = 0;
		};
/* End PBXFrameworksBuildPhase section */

/* Begin PBXGroup section */
		1812FF852B06775A00AD2E2B = {
			isa = PBXGroup;
			children = (
				1812FF902B06775A00AD2E2B /* DynamicLayersExample */,
				1812FF8F2B06775A00AD2E2B /* Products */,
			);
			sourceTree = "<group>";
		};
		1812FF8F2B06775A00AD2E2B /* Products */ = {
			isa = PBXGroup;
			children = (
				1812FF8E2B06775A00AD2E2B /* DynamicLayersExample.app */,
			);
			name = Products;
			sourceTree = "<group>";
		};
		1812FF902B06775A00AD2E2B /* DynamicLayersExample */ = {
			isa = PBXGroup;
			children = (
				1812FF912B06775A00AD2E2B /* DynamicLayersExampleApp.swift */,
				1812FF932B06775A00AD2E2B /* ContentView.swift */,
				1812FFAA2B0678E300AD2E2B /* Components */,
				1812FFAB2B0678EC00AD2E2B /* Extensions */,
				1812FF952B06775C00AD2E2B /* Assets.xcassets */,
				1812FF972B06775C00AD2E2B /* Preview Content */,
			);
			path = DynamicLayersExample;
			sourceTree = "<group>";
		};
		1812FF972B06775C00AD2E2B /* Preview Content */ = {
			isa = PBXGroup;
			children = (
				1812FF982B06775C00AD2E2B /* Preview Assets.xcassets */,
			);
			path = "Preview Content";
			sourceTree = "<group>";
		};
		1812FFAA2B0678E300AD2E2B /* Components */ = {
			isa = PBXGroup;
			children = (
				1812FFB72B06790100AD2E2B /* BottomNavigationBarComponent.swift */,
				1812FFAE2B06790000AD2E2B /* ButtonComponent.swift */,
				1812FFBB2B06790100AD2E2B /* CKNotificationBadgeComponent.swift */,
				1812FFB82B06790100AD2E2B /* CKTextFieldComponent.swift */,
				1812FFB42B06790000AD2E2B /* CKTopNavigationComponent.swift */,
				18C0E8A72B18555E0015ED95 /* PaidComponentView.swift */,
			);
			path = Components;
			sourceTree = "<group>";
		};
		1812FFAB2B0678EC00AD2E2B /* Extensions */ = {
			isa = PBXGroup;
			children = (
				1812FFD42B06790B00AD2E2B /* Color + Extension.swift */,
				18C0E8BC2B185A2C0015ED95 /* View + Extension.swift */,
			);
			path = Extensions;
			sourceTree = "<group>";
		};
/* End PBXGroup section */

/* Begin PBXNativeTarget section */
		1812FF8D2B06775A00AD2E2B /* DynamicLayersExample */ = {
			isa = PBXNativeTarget;
			buildConfigurationList = 1812FF9C2B06775C00AD2E2B /* Build configuration list for PBXNativeTarget "DynamicLayersExample" */;
			buildPhases = (
				1812FF8A2B06775A00AD2E2B /* Sources */,
				1812FF8B2B06775A00AD2E2B /* Frameworks */,
				1812FF8C2B06775A00AD2E2B /* Resources */,
			);
			buildRules = (
			);
			dependencies = (
			);
			name = DynamicLayersExample;
			packageProductDependencies = (
				18C0E8BF2B1862110015ED95 /* DynamicLayers */,
			);
			productName = DynamicLayersExample;
			productReference = 1812FF8E2B06775A00AD2E2B /* DynamicLayersExample.app */;
			productType = "com.apple.product-type.application";
		};
/* End PBXNativeTarget section */

/* Begin PBXProject section */
		1812FF862B06775A00AD2E2B /* Project object */ = {
			isa = PBXProject;
			attributes = {
				BuildIndependentTargetsInParallel = 1;
				LastSwiftUpdateCheck = 1430;
				LastUpgradeCheck = 1430;
				TargetAttributes = {
					1812FF8D2B06775A00AD2E2B = {
						CreatedOnToolsVersion = 14.3.1;
					};
				};
			};
			buildConfigurationList = 1812FF892B06775A00AD2E2B /* Build configuration list for PBXProject "DynamicLayersExample" */;
			compatibilityVersion = "Xcode 14.0";
			developmentRegion = en;
			hasScannedForEncodings = 0;
			knownRegions = (
				en,
				Base,
			);
			mainGroup = 1812FF852B06775A00AD2E2B;
			packageReferences = (
				18C0E8BE2B1862110015ED95 /* XCLocalSwiftPackageReference ".." */,
			);
			productRefGroup = 1812FF8F2B06775A00AD2E2B /* Products */;
			projectDirPath = "";
			projectRoot = "";
			targets = (
				1812FF8D2B06775A00AD2E2B /* DynamicLayersExample */,
			);
		};
/* End PBXProject section */

/* Begin PBXResourcesBuildPhase section */
		1812FF8C2B06775A00AD2E2B /* Resources */ = {
			isa = PBXResourcesBuildPhase;
			buildActionMask = 2147483647;
			files = (
				1812FF992B06775C00AD2E2B /* Preview Assets.xcassets in Resources */,
				1812FF962B06775C00AD2E2B /* Assets.xcassets in Resources */,
			);
			runOnlyForDeploymentPostprocessing = 0;
		};
/* End PBXResourcesBuildPhase section */

/* Begin PBXSourcesBuildPhase section */
		1812FF8A2B06775A00AD2E2B /* Sources */ = {
			isa = PBXSourcesBuildPhase;
			buildActionMask = 2147483647;
			files = (
				18C0E8B52B18555F0015ED95 /* PaidComponentView.swift in Sources */,
				1812FF942B06775A00AD2E2B /* ContentView.swift in Sources */,
				1812FFC22B06790100AD2E2B /* ButtonComponent.swift in Sources */,
				1812FF922B06775A00AD2E2B /* DynamicLayersExampleApp.swift in Sources */,
				1812FFD52B06790B00AD2E2B /* Color + Extension.swift in Sources */,
				1812FFC82B06790100AD2E2B /* CKTopNavigationComponent.swift in Sources */,
				1812FFCF2B06790100AD2E2B /* CKNotificationBadgeComponent.swift in Sources */,
				1812FFCB2B06790100AD2E2B /* BottomNavigationBarComponent.swift in Sources */,
				18C0E8BD2B185A2C0015ED95 /* View + Extension.swift in Sources */,
				1812FFCC2B06790100AD2E2B /* CKTextFieldComponent.swift in Sources */,
			);
			runOnlyForDeploymentPostprocessing = 0;
		};
/* End PBXSourcesBuildPhase section */

/* Begin XCBuildConfiguration section */
		1812FF9A2B06775C00AD2E2B /* Debug */ = {
			isa = XCBuildConfiguration;
			buildSettings = {
				ALWAYS_SEARCH_USER_PATHS = NO;
				CLANG_ANALYZER_NONNULL = YES;
				CLANG_ANALYZER_NUMBER_OBJECT_CONVERSION = YES_AGGRESSIVE;
				CLANG_CXX_LANGUAGE_STANDARD = "gnu++20";
				CLANG_ENABLE_MODULES = YES;
				CLANG_ENABLE_OBJC_ARC = YES;
				CLANG_ENABLE_OBJC_WEAK = YES;
				CLANG_WARN_BLOCK_CAPTURE_AUTORELEASING = YES;
				CLANG_WARN_BOOL_CONVERSION = YES;
				CLANG_WARN_COMMA = YES;
				CLANG_WARN_CONSTANT_CONVERSION = YES;
				CLANG_WARN_DEPRECATED_OBJC_IMPLEMENTATIONS = YES;
				CLANG_WARN_DIRECT_OBJC_ISA_USAGE = YES_ERROR;
				CLANG_WARN_DOCUMENTATION_COMMENTS = YES;
				CLANG_WARN_EMPTY_BODY = YES;
				CLANG_WARN_ENUM_CONVERSION = YES;
				CLANG_WARN_INFINITE_RECURSION = YES;
				CLANG_WARN_INT_CONVERSION = YES;
				CLANG_WARN_NON_LITERAL_NULL_CONVERSION = YES;
				CLANG_WARN_OBJC_IMPLICIT_RETAIN_SELF = YES;
				CLANG_WARN_OBJC_LITERAL_CONVERSION = YES;
				CLANG_WARN_OBJC_ROOT_CLASS = YES_ERROR;
				CLANG_WARN_QUOTED_INCLUDE_IN_FRAMEWORK_HEADER = YES;
				CLANG_WARN_RANGE_LOOP_ANALYSIS = YES;
				CLANG_WARN_STRICT_PROTOTYPES = YES;
				CLANG_WARN_SUSPICIOUS_MOVE = YES;
				CLANG_WARN_UNGUARDED_AVAILABILITY = YES_AGGRESSIVE;
				CLANG_WARN_UNREACHABLE_CODE = YES;
				CLANG_WARN__DUPLICATE_METHOD_MATCH = YES;
				COPY_PHASE_STRIP = NO;
				DEBUG_INFORMATION_FORMAT = dwarf;
				ENABLE_STRICT_OBJC_MSGSEND = YES;
				ENABLE_TESTABILITY = YES;
				GCC_C_LANGUAGE_STANDARD = gnu11;
				GCC_DYNAMIC_NO_PIC = NO;
				GCC_NO_COMMON_BLOCKS = YES;
				GCC_OPTIMIZATION_LEVEL = 0;
				GCC_PREPROCESSOR_DEFINITIONS = (
					"DEBUG=1",
					"$(inherited)",
				);
				GCC_WARN_64_TO_32_BIT_CONVERSION = YES;
				GCC_WARN_ABOUT_RETURN_TYPE = YES_ERROR;
				GCC_WARN_UNDECLARED_SELECTOR = YES;
				GCC_WARN_UNINITIALIZED_AUTOS = YES_AGGRESSIVE;
				GCC_WARN_UNUSED_FUNCTION = YES;
				GCC_WARN_UNUSED_VARIABLE = YES;
				IPHONEOS_DEPLOYMENT_TARGET = 16.4;
				MTL_ENABLE_DEBUG_INFO = INCLUDE_SOURCE;
				MTL_FAST_MATH = YES;
				ONLY_ACTIVE_ARCH = YES;
				SDKROOT = iphoneos;
				SWIFT_ACTIVE_COMPILATION_CONDITIONS = DEBUG;
				SWIFT_OPTIMIZATION_LEVEL = "-Onone";
			};
			name = Debug;
		};
		1812FF9B2B06775C00AD2E2B /* Release */ = {
			isa = XCBuildConfiguration;
			buildSettings = {
				ALWAYS_SEARCH_USER_PATHS = NO;
				CLANG_ANALYZER_NONNULL = YES;
				CLANG_ANALYZER_NUMBER_OBJECT_CONVERSION = YES_AGGRESSIVE;
				CLANG_CXX_LANGUAGE_STANDARD = "gnu++20";
				CLANG_ENABLE_MODULES = YES;
				CLANG_ENABLE_OBJC_ARC = YES;
				CLANG_ENABLE_OBJC_WEAK = YES;
				CLANG_WARN_BLOCK_CAPTURE_AUTORELEASING = YES;
				CLANG_WARN_BOOL_CONVERSION = YES;
				CLANG_WARN_COMMA = YES;
				CLANG_WARN_CONSTANT_CONVERSION = YES;
				CLANG_WARN_DEPRECATED_OBJC_IMPLEMENTATIONS = YES;
				CLANG_WARN_DIRECT_OBJC_ISA_USAGE = YES_ERROR;
				CLANG_WARN_DOCUMENTATION_COMMENTS = YES;
				CLANG_WARN_EMPTY_BODY = YES;
				CLANG_WARN_ENUM_CONVERSION = YES;
				CLANG_WARN_INFINITE_RECURSION = YES;
				CLANG_WARN_INT_CONVERSION = YES;
				CLANG_WARN_NON_LITERAL_NULL_CONVERSION = YES;
				CLANG_WARN_OBJC_IMPLICIT_RETAIN_SELF = YES;
				CLANG_WARN_OBJC_LITERAL_CONVERSION = YES;
				CLANG_WARN_OBJC_ROOT_CLASS = YES_ERROR;
				CLANG_WARN_QUOTED_INCLUDE_IN_FRAMEWORK_HEADER = YES;
				CLANG_WARN_RANGE_LOOP_ANALYSIS = YES;
				CLANG_WARN_STRICT_PROTOTYPES = YES;
				CLANG_WARN_SUSPICIOUS_MOVE = YES;
				CLANG_WARN_UNGUARDED_AVAILABILITY = YES_AGGRESSIVE;
				CLANG_WARN_UNREACHABLE_CODE = YES;
				CLANG_WARN__DUPLICATE_METHOD_MATCH = YES;
				COPY_PHASE_STRIP = NO;
				DEBUG_INFORMATION_FORMAT = "dwarf-with-dsym";
				ENABLE_NS_ASSERTIONS = NO;
				ENABLE_STRICT_OBJC_MSGSEND = YES;
				GCC_C_LANGUAGE_STANDARD = gnu11;
				GCC_NO_COMMON_BLOCKS = YES;
				GCC_WARN_64_TO_32_BIT_CONVERSION = YES;
				GCC_WARN_ABOUT_RETURN_TYPE = YES_ERROR;
				GCC_WARN_UNDECLARED_SELECTOR = YES;
				GCC_WARN_UNINITIALIZED_AUTOS = YES_AGGRESSIVE;
				GCC_WARN_UNUSED_FUNCTION = YES;
				GCC_WARN_UNUSED_VARIABLE = YES;
				IPHONEOS_DEPLOYMENT_TARGET = 16.4;
				MTL_ENABLE_DEBUG_INFO = NO;
				MTL_FAST_MATH = YES;
				SDKROOT = iphoneos;
				SWIFT_COMPILATION_MODE = wholemodule;
				SWIFT_OPTIMIZATION_LEVEL = "-O";
				VALIDATE_PRODUCT = YES;
			};
			name = Release;
		};
		1812FF9D2B06775C00AD2E2B /* Debug */ = {
			isa = XCBuildConfiguration;
			buildSettings = {
				ASSETCATALOG_COMPILER_APPICON_NAME = AppIcon;
				ASSETCATALOG_COMPILER_GLOBAL_ACCENT_COLOR_NAME = AccentColor;
				CODE_SIGN_STYLE = Automatic;
				CURRENT_PROJECT_VERSION = 1;
				DEVELOPMENT_ASSET_PATHS = "\"DynamicLayersExample/Preview Content\"";
				ENABLE_PREVIEWS = YES;
				GENERATE_INFOPLIST_FILE = YES;
				INFOPLIST_KEY_UIApplicationSceneManifest_Generation = YES;
				INFOPLIST_KEY_UIApplicationSupportsIndirectInputEvents = YES;
				INFOPLIST_KEY_UILaunchScreen_Generation = YES;
				INFOPLIST_KEY_UISupportedInterfaceOrientations_iPad = "UIInterfaceOrientationPortrait UIInterfaceOrientationPortraitUpsideDown UIInterfaceOrientationLandscapeLeft UIInterfaceOrientationLandscapeRight";
				INFOPLIST_KEY_UISupportedInterfaceOrientations_iPhone = "UIInterfaceOrientationPortrait UIInterfaceOrientationLandscapeLeft UIInterfaceOrientationLandscapeRight";
				LD_RUNPATH_SEARCH_PATHS = (
					"$(inherited)",
					"@executable_path/Frameworks",
				);
				MARKETING_VERSION = 1.0;
				PRODUCT_BUNDLE_IDENTIFIER = com.abbas.DynamicLayersExample;
				PRODUCT_NAME = "$(TARGET_NAME)";
				SWIFT_EMIT_LOC_STRINGS = YES;
				SWIFT_VERSION = 5.0;
				TARGETED_DEVICE_FAMILY = "1,2";
			};
			name = Debug;
		};
		1812FF9E2B06775C00AD2E2B /* Release */ = {
			isa = XCBuildConfiguration;
			buildSettings = {
				ASSETCATALOG_COMPILER_APPICON_NAME = AppIcon;
				ASSETCATALOG_COMPILER_GLOBAL_ACCENT_COLOR_NAME = AccentColor;
				CODE_SIGN_STYLE = Automatic;
				CURRENT_PROJECT_VERSION = 1;
				DEVELOPMENT_ASSET_PATHS = "\"DynamicLayersExample/Preview Content\"";
				ENABLE_PREVIEWS = YES;
				GENERATE_INFOPLIST_FILE = YES;
				INFOPLIST_KEY_UIApplicationSceneManifest_Generation = YES;
				INFOPLIST_KEY_UIApplicationSupportsIndirectInputEvents = YES;
				INFOPLIST_KEY_UILaunchScreen_Generation = YES;
				INFOPLIST_KEY_UISupportedInterfaceOrientations_iPad = "UIInterfaceOrientationPortrait UIInterfaceOrientationPortraitUpsideDown UIInterfaceOrientationLandscapeLeft UIInterfaceOrientationLandscapeRight";
				INFOPLIST_KEY_UISupportedInterfaceOrientations_iPhone = "UIInterfaceOrientationPortrait UIInterfaceOrientationLandscapeLeft UIInterfaceOrientationLandscapeRight";
				LD_RUNPATH_SEARCH_PATHS = (
					"$(inherited)",
					"@executable_path/Frameworks",
				);
				MARKETING_VERSION = 1.0;
				PRODUCT_BUNDLE_IDENTIFIER = com.abbas.DynamicLayersExample;
				PRODUCT_NAME = "$(TARGET_NAME)";
				SWIFT_EMIT_LOC_STRINGS = YES;
				SWIFT_VERSION = 5.0;
				TARGETED_DEVICE_FAMILY = "1,2";
			};
			name = Release;
		};
/* End XCBuildConfiguration section */

/* Begin XCConfigurationList section */
		1812FF892B06775A00AD2E2B /* Build configuration list for PBXProject "DynamicLayersExample" */ = {
			isa = XCConfigurationList;
			buildConfigurations = (
				1812FF9A2B06775C00AD2E2B /* Debug */,
				1812FF9B2B06775C00AD2E2B /* Release */,
			);
			defaultConfigurationIsVisible = 0;
			defaultConfigurationName = Release;
		};
		1812FF9C2B06775C00AD2E2B /* Build configuration list for PBXNativeTarget "DynamicLayersExample" */ = {
			isa = XCConfigurationList;
			buildConfigurations = (
				1812FF9D2B06775C00AD2E2B /* Debug */,
				1812FF9E2B06775C00AD2E2B /* Release */,
			);
			defaultConfigurationIsVisible = 0;
			defaultConfigurationName = Release;
		};
/* End XCConfigurationList section */

/* Begin XCLocalSwiftPackageReference section */
		18C0E8BE2B1862110015ED95 /* XCLocalSwiftPackageReference ".." */ = {
			isa = XCLocalSwiftPackageReference;
			relativePath = ..;
		};
/* End XCLocalSwiftPackageReference section */

/* Begin XCSwiftPackageProductDependency section */
		18C0E8BF2B1862110015ED95 /* DynamicLayers */ = {
			isa = XCSwiftPackageProductDependency;
			productName = DynamicLayers;
		};
/* End XCSwiftPackageProductDependency section */
	};
	rootObject = 1812FF862B06775A00AD2E2B /* Project object */;
}
